PODS:
  - Alamofire (4.7.3)
  - ReachabilitySwift (4.2.1)
  - SDWebImage (4.4.2):
    - SDWebImage/Core (= 4.4.2)
  - SDWebImage/Core (4.4.2)
  - SideMenu (4.0.0)

DEPENDENCIES:
  - Alamofire (~> 4.7)
  - ReachabilitySwift
  - SDWebImage (~> 4.0)
  - SideMenu (~> 4.0.0)

SPEC REPOS:
  https://github.com/cocoapods/specs.git:
    - Alamofire
    - ReachabilitySwift
    - SDWebImage
    - SideMenu

SPEC CHECKSUMS:
  Alamofire: c7287b6e5d7da964a70935e5db17046b7fde6568
  ReachabilitySwift: 35720ffea59c1c76d15f885be77fd33e33985427
  SDWebImage: 624d6e296c69b244bcede364c72ae0430ac14681
  SideMenu: 70ee5657df63ec3382660ec4ef470bf1cf5db07d

PODFILE CHECKSUM: 6a63283c812b148b048f1dc3d428e29279cf75a4

COCOAPODS: 1.5.3
